---
name: 'Lock Threads'
on:
  workflow_call:
    inputs:
      issue-inactive-days:
        description: 'Number of days of inactivity before a closed issue is locked'
        type: number
        default: '30'
      pr-inactive-days:
        description: 'Number of days of inactivity before a closed pull request is locked'
        type: number
        default: '30'
      discussion-inactive-days:
        description: 'Number of days of inactivity before a closed discussion is locked'
        type: number
        default: '30'

    secrets:
      github-token:
        required: true

permissions:
  issues: write
  pull-requests: write

jobs:
  lock:
    runs-on: ubuntu-latest
    steps:
      - name: Lock issues
        uses: dessant/lock-threads@v5
        with:
          github-token: ${{ secrets.github-token }}
          issue-comment: >
            I'm going to lock this issue because it has been closed for *30 days* ⏳. This helps our maintainers find and focus on the active issues.
            If you have found a problem that seems similar to this, please open a new issue and complete the issue template so we can capture all the details necessary to investigate further.
          issue-inactive-days: ${{ inputs.issue-inactive-days }}
          pr-comment: >
            I'm going to lock this pull request because it has been closed for *30 days* ⏳. This helps our maintainers find and focus on the active issues.
            If you have found a problem that seems related to this change, please open a new issue and complete the issue template so we can capture all the details necessary to investigate further.
          pr-inactive-days: ${{ inputs.pr-inactive-days }}
          discussion-comment: >
            I'm going to lock this pull request because it has been closed for *30 days* ⏳. This helps our maintainers find and focus on the active issues.
            If you have found a problem that seems related to this change, please open a new issue and complete the issue template so we can capture all the details necessary to investigate further.
          discussion-inactive-days: ${{ inputs.discussion-inactive-days }}
...
